
Microsoft Visual Studio Solution File, Format Version 12.00
# Visual Studio Version 17
VisualStudioVersion = 17.14.36429.23 d17.14
MinimumVisualStudioVersion = 10.0.40219.1
Project("{FAE04EC0-301F-11D3-BF4B-00C04F79EFBC}") = "EjemploDatabaseCSharpDAE", "./EjemploDatabaseCSharpDAE/EjemploDatabaseCSharpDAE.csproj", "{898C8CB2-9B31-4002-B6D4-84ED1A70F4F2}"
EndProject
Global
	GlobalSection(SolutionConfigurationPlatforms) = preSolution
		Debug|Any CPU = Debug|Any CPU
		Release|Any CPU = Release|Any CPU
	EndGlobalSection
	GlobalSection(ProjectConfigurationPlatforms) = postSolution
		{898C8CB2-9B31-4002-B6D4-84ED1A70F4F2}.Debug|Any CPU.ActiveCfg = Debug|Any CPU
		{898C8CB2-9B31-4002-B6D4-84ED1A70F4F2}.Debug|Any CPU.Build.0 = Debug|Any CPU
		{898C8CB2-9B31-4002-B6D4-84ED1A70F4F2}.Release|Any CPU.ActiveCfg = Release|Any CPU
		{898C8CB2-9B31-4002-B6D4-84ED1A70F4F2}.Release|Any CPU.Build.0 = Release|Any CPU
	EndGlobalSection
	GlobalSection(SolutionProperties) = preSolution
		HideSolutionNode = FALSE
	EndGlobalSection
	GlobalSection(ExtensibilityGlobals) = postSolution
		SolutionGuid = {B7770AE0-E400-49C1-97D5-F794E8360F15}
	EndGlobalSection
EndGlobal
